
Microsoft Visual Studio Solution File, Format Version 12.00
# Visual Studio Version 17
VisualStudioVersion = 17.3.32819.101
MinimumVisualStudioVersion = 10.0.40219.1
Project("{FAE04EC0-301F-11D3-BF4B-00C04F79EFBC}") = "Maglumi", "Maglumi\Maglumi.csproj", "{F2DC70B9-156F-4111-9376-D140058C8FB7}"
EndProject
Project("{54435603-DBB4-11D2-8724-00A0C9A8B90C}") = "Maglumi Setup", "Maglumi Setup\Maglumi Setup.vdproj", "{7CA7F600-BAD9-4CB5-8867-63E661EB26B8}"
EndProject
Global
	GlobalSection(SolutionConfigurationPlatforms) = preSolution
		Debug|Any CPU = Debug|Any CPU
		Release|Any CPU = Release|Any CPU
	EndGlobalSection
	GlobalSection(ProjectConfigurationPlatforms) = postSolution
		{F2DC70B9-156F-4111-9376-D140058C8FB7}.Debug|Any CPU.ActiveCfg = Debug|Any CPU
		{F2DC70B9-156F-4111-9376-D140058C8FB7}.Debug|Any CPU.Build.0 = Debug|Any CPU
		{F2DC70B9-156F-4111-9376-D140058C8FB7}.Release|Any CPU.ActiveCfg = Release|Any CPU
		{F2DC70B9-156F-4111-9376-D140058C8FB7}.Release|Any CPU.Build.0 = Release|Any CPU
		{7CA7F600-BAD9-4CB5-8867-63E661EB26B8}.Debug|Any CPU.ActiveCfg = Debug
		{7CA7F600-BAD9-4CB5-8867-63E661EB26B8}.Release|Any CPU.ActiveCfg = Release
	EndGlobalSection
	GlobalSection(SolutionProperties) = preSolution
		HideSolutionNode = FALSE
	EndGlobalSection
	GlobalSection(ExtensibilityGlobals) = postSolution
		SolutionGuid = {22C71558-03F8-49AC-B2DC-F5D5C361439C}
	EndGlobalSection
EndGlobal
